
Microsoft Visual Studio Solution File, Format Version 12.00
# Visual Studio Version 17
VisualStudioVersion = 17.14.36221.1 d17.14
MinimumVisualStudioVersion = 10.0.40219.1
Project("{FAE04EC0-301F-11D3-BF4B-00C04F79EFBC}") = "NBA_News", "NBA_News\NBA_News.csproj", "{DFAD2366-A12D-4FE7-A1BF-90F05E6DCEE8}"
EndProject
Global
	GlobalSection(SolutionConfigurationPlatforms) = preSolution
		Debug|Any CPU = Debug|Any CPU
		Release|Any CPU = Release|Any CPU
	EndGlobalSection
	GlobalSection(ProjectConfigurationPlatforms) = postSolution
		{DFAD2366-A12D-4FE7-A1BF-90F05E6DCEE8}.Debug|Any CPU.ActiveCfg = Debug|Any CPU
		{DFAD2366-A12D-4FE7-A1BF-90F05E6DCEE8}.Debug|Any CPU.Build.0 = Debug|Any CPU
		{DFAD2366-A12D-4FE7-A1BF-90F05E6DCEE8}.Release|Any CPU.ActiveCfg = Release|Any CPU
		{DFAD2366-A12D-4FE7-A1BF-90F05E6DCEE8}.Release|Any CPU.Build.0 = Release|Any CPU
	EndGlobalSection
	GlobalSection(SolutionProperties) = preSolution
		HideSolutionNode = FALSE
	EndGlobalSection
	GlobalSection(ExtensibilityGlobals) = postSolution
		SolutionGuid = {3031A499-B15E-4E41-BBA7-597452E5B8E1}
	EndGlobalSection
EndGlobal
